{
  "name": "kanleitos",
  "version": "1.0.0",
  "lockfileVersion": 1,
  "requires": true,
  "dependencies": {
    "@uirouter/core": {
      "version": "https://registry.npmjs.org/@uirouter/core/-/core-5.0.3.tgz",
      "integrity": "sha1-4rWx5FGQ4gxnuk4VwBPeXU4MyrM="
    },
    "angular": {
      "version": "https://registry.npmjs.org/angular/-/angular-1.6.6.tgz",
      "integrity": "sha1-/Vo8+0N844LYVO4BEgeXl4Uny2Q="
    },
    "angular-tooltips": {
      "version": "1.2.2",
      "resolved": "https://registry.npmjs.org/angular-tooltips/-/angular-tooltips-1.2.2.tgz",
      "integrity": "sha1-AaoVRpj0OLBz1Nhffa8kI0NaD1Q="
    },
    "angular-ui-router": {
      "version": "https://registry.npmjs.org/angular-ui-router/-/angular-ui-router-1.0.3.tgz",
      "integrity": "sha1-vySUyq6Vw3zwGvN2HYl0fP7S20U=",
      "requires": {
        "@uirouter/core": "https://registry.npmjs.org/@uirouter/core/-/core-5.0.3.tgz"
      }
    },
    "bootstrap": {
      "version": "https://registry.npmjs.org/bootstrap/-/bootstrap-3.3.7.tgz",
      "integrity": "sha1-WjiTlFSfIzMIdaOxUGVldPip63E="
    },
    "ng-dialog": {
      "version": "1.4.0",
      "resolved": "https://registry.npmjs.org/ng-dialog/-/ng-dialog-1.4.0.tgz",
      "integrity": "sha1-P4EzDnyqxhTpn7zrdvMEv4IMQT4="
    },
    "sweetalert2": {
      "version": "https://registry.npmjs.org/sweetalert2/-/sweetalert2-6.10.1.tgz",
      "integrity": "sha1-WyhHd6VG+xFCmRW1dwiEc6ok4P0="
    }
  }
}
